
Microsoft Visual Studio Solution File, Format Version 12.00
# Visual Studio Version 17
VisualStudioVersion = 17.7.34031.279
MinimumVisualStudioVersion = 10.0.40219.1
Project("{FAE04EC0-301F-11D3-BF4B-00C04F79EFBC}") = "Quiz2-ModelFirst", "Quiz2-ModelFirst\Quiz2-ModelFirst.csproj", "{96DD68D0-BF53-4B3D-A1D7-33B6FC169F95}"
EndProject
Global
	GlobalSection(SolutionConfigurationPlatforms) = preSolution
		Debug|Any CPU = Debug|Any CPU
		Release|Any CPU = Release|Any CPU
	EndGlobalSection
	GlobalSection(ProjectConfigurationPlatforms) = postSolution
		{96DD68D0-BF53-4B3D-A1D7-33B6FC169F95}.Debug|Any CPU.ActiveCfg = Debug|Any CPU
		{96DD68D0-BF53-4B3D-A1D7-33B6FC169F95}.Debug|Any CPU.Build.0 = Debug|Any CPU
		{96DD68D0-BF53-4B3D-A1D7-33B6FC169F95}.Release|Any CPU.ActiveCfg = Release|Any CPU
		{96DD68D0-BF53-4B3D-A1D7-33B6FC169F95}.Release|Any CPU.Build.0 = Release|Any CPU
	EndGlobalSection
	GlobalSection(SolutionProperties) = preSolution
		HideSolutionNode = FALSE
	EndGlobalSection
	GlobalSection(ExtensibilityGlobals) = postSolution
		SolutionGuid = {1337453F-A832-45B1-9EE6-204EFE7C7AB0}
	EndGlobalSection
EndGlobal
