
Microsoft Visual Studio Solution File, Format Version 12.00
# Visual Studio Version 17
VisualStudioVersion = 17.7.34031.279
MinimumVisualStudioVersion = 10.0.40219.1
Project("{FAE04EC0-301F-11D3-BF4B-00C04F79EFBC}") = "WordsGame", "WordsGame\WordsGame.csproj", "{5E5B4270-C24A-4211-B437-2C11E61BE915}"
EndProject
Global
	GlobalSection(SolutionConfigurationPlatforms) = preSolution
		Debug|Any CPU = Debug|Any CPU
		Release|Any CPU = Release|Any CPU
	EndGlobalSection
	GlobalSection(ProjectConfigurationPlatforms) = postSolution
		{5E5B4270-C24A-4211-B437-2C11E61BE915}.Debug|Any CPU.ActiveCfg = Debug|Any CPU
		{5E5B4270-C24A-4211-B437-2C11E61BE915}.Debug|Any CPU.Build.0 = Debug|Any CPU
		{5E5B4270-C24A-4211-B437-2C11E61BE915}.Release|Any CPU.ActiveCfg = Release|Any CPU
		{5E5B4270-C24A-4211-B437-2C11E61BE915}.Release|Any CPU.Build.0 = Release|Any CPU
	EndGlobalSection
	GlobalSection(SolutionProperties) = preSolution
		HideSolutionNode = FALSE
	EndGlobalSection
	GlobalSection(ExtensibilityGlobals) = postSolution
		SolutionGuid = {B91224B9-8F29-4B87-A56D-0CCBCA068868}
	EndGlobalSection
EndGlobal
