
Microsoft Visual Studio Solution File, Format Version 12.00
# Visual Studio Version 17
VisualStudioVersion = 17.7.34031.279
MinimumVisualStudioVersion = 10.0.40219.1
Project("{FAE04EC0-301F-11D3-BF4B-00C04F79EFBC}") = "HomeWork6", "HomeWork6\HomeWork6.csproj", "{13507AE7-5A93-41C0-9468-F200EE739FDD}"
EndProject
Global
	GlobalSection(SolutionConfigurationPlatforms) = preSolution
		Debug|Any CPU = Debug|Any CPU
		Release|Any CPU = Release|Any CPU
	EndGlobalSection
	GlobalSection(ProjectConfigurationPlatforms) = postSolution
		{13507AE7-5A93-41C0-9468-F200EE739FDD}.Debug|Any CPU.ActiveCfg = Debug|Any CPU
		{13507AE7-5A93-41C0-9468-F200EE739FDD}.Debug|Any CPU.Build.0 = Debug|Any CPU
		{13507AE7-5A93-41C0-9468-F200EE739FDD}.Release|Any CPU.ActiveCfg = Release|Any CPU
		{13507AE7-5A93-41C0-9468-F200EE739FDD}.Release|Any CPU.Build.0 = Release|Any CPU
	EndGlobalSection
	GlobalSection(SolutionProperties) = preSolution
		HideSolutionNode = FALSE
	EndGlobalSection
	GlobalSection(ExtensibilityGlobals) = postSolution
		SolutionGuid = {11C97F38-BEA5-4840-B46E-16291017292A}
	EndGlobalSection
EndGlobal
